
Microsoft Visual Studio Solution File, Format Version 12.00
# Visual Studio Version 16
VisualStudioVersion = 16.0.30413.136
MinimumVisualStudioVersion = 10.0.40219.1
Project("{2150E333-8FDC-42A3-9474-1A3956D46DE8}") = "Лаба1", "Лаба1", "{9B1B9756-4053-41A6-9EAE-5710891FA5E7}"
EndProject
Project("{8BC9CEB8-8B4A-11D0-8D11-00A0C91BC942}") = "лаба_1.1", "Лаба 1\лаба_1.1\C++(Programming).vcxproj", "{3B1C05F6-1DA0-4CED-B19B-72E565B5A69A}"
EndProject
Project("{8BC9CEB8-8B4A-11D0-8D11-00A0C91BC942}") = "лаба_1.2", "Лаба 1\лаба_1.2\лаба_1.2.vcxproj", "{B0CE0FD7-3E6C-4057-AB3A-F4940C1615EB}"
EndProject
Project("{8BC9CEB8-8B4A-11D0-8D11-00A0C91BC942}") = "лаба_1.3", "Лаба 1\лаба_1.3\лаба_1.3.vcxproj", "{F33E1884-AEDB-4E88-B8B9-FBB32D7C94E7}"
EndProject
Project("{8BC9CEB8-8B4A-11D0-8D11-00A0C91BC942}") = "Лаба2", "Лаба_2\Лаба_2.1\Лаба2.vcxproj", "{06EFC010-9358-4568-9EC5-CAFEA54AADB8}"
EndProject
Project("{2150E333-8FDC-42A3-9474-1A3956D46DE8}") = "Лаба 2", "Лаба 2", "{66DEABE3-2AFF-453B-9118-58040699181F}"
EndProject
Project("{8BC9CEB8-8B4A-11D0-8D11-00A0C91BC942}") = "Лаба_2.2", "Лаба_2\Лаба_2.2\Лаба_2.2.vcxproj", "{4D1C5334-7BB7-449A-A419-ED50A28E3666}"
EndProject
Project("{8BC9CEB8-8B4A-11D0-8D11-00A0C91BC942}") = "Лаба_2.3", "Лаба_2\Лаба_2.3\Лаба_2.3.vcxproj", "{32E4D75B-6D5F-4D1B-8A59-11BF227E51D4}"
EndProject
Project("{8BC9CEB8-8B4A-11D0-8D11-00A0C91BC942}") = "Laba3", "Laba3\Laba3.vcxproj", "{D0576616-608F-4070-9B05-410B090E8F60}"
EndProject
Project("{2150E333-8FDC-42A3-9474-1A3956D46DE8}") = "Лаба 3", "Лаба 3", "{BEC0533F-152B-423F-B154-6FFCB8796377}"
EndProject
Project("{8BC9CEB8-8B4A-11D0-8D11-00A0C91BC942}") = "Laba4", "Laba4\Laba4.vcxproj", "{16A34997-9908-4CC2-BE4C-3AAC7FD88E65}"
EndProject
Global
	GlobalSection(SolutionConfigurationPlatforms) = preSolution
		Debug|Any CPU = Debug|Any CPU
		Debug|x64 = Debug|x64
		Debug|x86 = Debug|x86
		Release|Any CPU = Release|Any CPU
		Release|x64 = Release|x64
		Release|x86 = Release|x86
	EndGlobalSection
	GlobalSection(ProjectConfigurationPlatforms) = postSolution
		{3B1C05F6-1DA0-4CED-B19B-72E565B5A69A}.Debug|Any CPU.ActiveCfg = Debug|Win32
		{3B1C05F6-1DA0-4CED-B19B-72E565B5A69A}.Debug|x64.ActiveCfg = Debug|x64
		{3B1C05F6-1DA0-4CED-B19B-72E565B5A69A}.Debug|x64.Build.0 = Debug|x64
		{3B1C05F6-1DA0-4CED-B19B-72E565B5A69A}.Debug|x86.ActiveCfg = Debug|Win32
		{3B1C05F6-1DA0-4CED-B19B-72E565B5A69A}.Debug|x86.Build.0 = Debug|Win32
		{3B1C05F6-1DA0-4CED-B19B-72E565B5A69A}.Release|Any CPU.ActiveCfg = Release|Win32
		{3B1C05F6-1DA0-4CED-B19B-72E565B5A69A}.Release|x64.ActiveCfg = Release|x64
		{3B1C05F6-1DA0-4CED-B19B-72E565B5A69A}.Release|x64.Build.0 = Release|x64
		{3B1C05F6-1DA0-4CED-B19B-72E565B5A69A}.Release|x86.ActiveCfg = Release|Win32
		{3B1C05F6-1DA0-4CED-B19B-72E565B5A69A}.Release|x86.Build.0 = Release|Win32
		{B0CE0FD7-3E6C-4057-AB3A-F4940C1615EB}.Debug|Any CPU.ActiveCfg = Debug|Win32
		{B0CE0FD7-3E6C-4057-AB3A-F4940C1615EB}.Debug|x64.ActiveCfg = Debug|x64
		{B0CE0FD7-3E6C-4057-AB3A-F4940C1615EB}.Debug|x64.Build.0 = Debug|x64
		{B0CE0FD7-3E6C-4057-AB3A-F4940C1615EB}.Debug|x86.ActiveCfg = Debug|Win32
		{B0CE0FD7-3E6C-4057-AB3A-F4940C1615EB}.Debug|x86.Build.0 = Debug|Win32
		{B0CE0FD7-3E6C-4057-AB3A-F4940C1615EB}.Release|Any CPU.ActiveCfg = Release|Win32
		{B0CE0FD7-3E6C-4057-AB3A-F4940C1615EB}.Release|x64.ActiveCfg = Release|x64
		{B0CE0FD7-3E6C-4057-AB3A-F4940C1615EB}.Release|x64.Build.0 = Release|x64
		{B0CE0FD7-3E6C-4057-AB3A-F4940C1615EB}.Release|x86.ActiveCfg = Release|Win32
		{B0CE0FD7-3E6C-4057-AB3A-F4940C1615EB}.Release|x86.Build.0 = Release|Win32
		{F33E1884-AEDB-4E88-B8B9-FBB32D7C94E7}.Debug|Any CPU.ActiveCfg = Debug|Win32
		{F33E1884-AEDB-4E88-B8B9-FBB32D7C94E7}.Debug|x64.ActiveCfg = Debug|x64
		{F33E1884-AEDB-4E88-B8B9-FBB32D7C94E7}.Debug|x64.Build.0 = Debug|x64
		{F33E1884-AEDB-4E88-B8B9-FBB32D7C94E7}.Debug|x86.ActiveCfg = Debug|Win32
		{F33E1884-AEDB-4E88-B8B9-FBB32D7C94E7}.Debug|x86.Build.0 = Debug|Win32
		{F33E1884-AEDB-4E88-B8B9-FBB32D7C94E7}.Release|Any CPU.ActiveCfg = Release|Win32
		{F33E1884-AEDB-4E88-B8B9-FBB32D7C94E7}.Release|x64.ActiveCfg = Release|x64
		{F33E1884-AEDB-4E88-B8B9-FBB32D7C94E7}.Release|x64.Build.0 = Release|x64
		{F33E1884-AEDB-4E88-B8B9-FBB32D7C94E7}.Release|x86.ActiveCfg = Release|Win32
		{F33E1884-AEDB-4E88-B8B9-FBB32D7C94E7}.Release|x86.Build.0 = Release|Win32
		{06EFC010-9358-4568-9EC5-CAFEA54AADB8}.Debug|Any CPU.ActiveCfg = Debug|Win32
		{06EFC010-9358-4568-9EC5-CAFEA54AADB8}.Debug|x64.ActiveCfg = Debug|x64
		{06EFC010-9358-4568-9EC5-CAFEA54AADB8}.Debug|x64.Build.0 = Debug|x64
		{06EFC010-9358-4568-9EC5-CAFEA54AADB8}.Debug|x86.ActiveCfg = Debug|Win32
		{06EFC010-9358-4568-9EC5-CAFEA54AADB8}.Debug|x86.Build.0 = Debug|Win32
		{06EFC010-9358-4568-9EC5-CAFEA54AADB8}.Release|Any CPU.ActiveCfg = Release|Win32
		{06EFC010-9358-4568-9EC5-CAFEA54AADB8}.Release|x64.ActiveCfg = Release|x64
		{06EFC010-9358-4568-9EC5-CAFEA54AADB8}.Release|x64.Build.0 = Release|x64
		{06EFC010-9358-4568-9EC5-CAFEA54AADB8}.Release|x86.ActiveCfg = Release|Win32
		{06EFC010-9358-4568-9EC5-CAFEA54AADB8}.Release|x86.Build.0 = Release|Win32
		{4D1C5334-7BB7-449A-A419-ED50A28E3666}.Debug|Any CPU.ActiveCfg = Debug|Win32
		{4D1C5334-7BB7-449A-A419-ED50A28E3666}.Debug|x64.ActiveCfg = Debug|x64
		{4D1C5334-7BB7-449A-A419-ED50A28E3666}.Debug|x64.Build.0 = Debug|x64
		{4D1C5334-7BB7-449A-A419-ED50A28E3666}.Debug|x86.ActiveCfg = Debug|Win32
		{4D1C5334-7BB7-449A-A419-ED50A28E3666}.Debug|x86.Build.0 = Debug|Win32
		{4D1C5334-7BB7-449A-A419-ED50A28E3666}.Release|Any CPU.ActiveCfg = Release|Win32
		{4D1C5334-7BB7-449A-A419-ED50A28E3666}.Release|x64.ActiveCfg = Release|x64
		{4D1C5334-7BB7-449A-A419-ED50A28E3666}.Release|x64.Build.0 = Release|x64
		{4D1C5334-7BB7-449A-A419-ED50A28E3666}.Release|x86.ActiveCfg = Release|Win32
		{4D1C5334-7BB7-449A-A419-ED50A28E3666}.Release|x86.Build.0 = Release|Win32
		{32E4D75B-6D5F-4D1B-8A59-11BF227E51D4}.Debug|Any CPU.ActiveCfg = Debug|Win32
		{32E4D75B-6D5F-4D1B-8A59-11BF227E51D4}.Debug|x64.ActiveCfg = Debug|x64
		{32E4D75B-6D5F-4D1B-8A59-11BF227E51D4}.Debug|x64.Build.0 = Debug|x64
		{32E4D75B-6D5F-4D1B-8A59-11BF227E51D4}.Debug|x86.ActiveCfg = Debug|Win32
		{32E4D75B-6D5F-4D1B-8A59-11BF227E51D4}.Debug|x86.Build.0 = Debug|Win32
		{32E4D75B-6D5F-4D1B-8A59-11BF227E51D4}.Release|Any CPU.ActiveCfg = Release|Win32
		{32E4D75B-6D5F-4D1B-8A59-11BF227E51D4}.Release|x64.ActiveCfg = Release|x64
		{32E4D75B-6D5F-4D1B-8A59-11BF227E51D4}.Release|x64.Build.0 = Release|x64
		{32E4D75B-6D5F-4D1B-8A59-11BF227E51D4}.Release|x86.ActiveCfg = Release|Win32
		{32E4D75B-6D5F-4D1B-8A59-11BF227E51D4}.Release|x86.Build.0 = Release|Win32
		{D0576616-608F-4070-9B05-410B090E8F60}.Debug|Any CPU.ActiveCfg = Debug|Win32
		{D0576616-608F-4070-9B05-410B090E8F60}.Debug|x64.ActiveCfg = Debug|x64
		{D0576616-608F-4070-9B05-410B090E8F60}.Debug|x64.Build.0 = Debug|x64
		{D0576616-608F-4070-9B05-410B090E8F60}.Debug|x86.ActiveCfg = Debug|Win32
		{D0576616-608F-4070-9B05-410B090E8F60}.Debug|x86.Build.0 = Debug|Win32
		{D0576616-608F-4070-9B05-410B090E8F60}.Release|Any CPU.ActiveCfg = Release|Win32
		{D0576616-608F-4070-9B05-410B090E8F60}.Release|x64.ActiveCfg = Release|x64
		{D0576616-608F-4070-9B05-410B090E8F60}.Release|x64.Build.0 = Release|x64
		{D0576616-608F-4070-9B05-410B090E8F60}.Release|x86.ActiveCfg = Release|Win32
		{D0576616-608F-4070-9B05-410B090E8F60}.Release|x86.Build.0 = Release|Win32
		{16A34997-9908-4CC2-BE4C-3AAC7FD88E65}.Debug|Any CPU.ActiveCfg = Debug|Win32
		{16A34997-9908-4CC2-BE4C-3AAC7FD88E65}.Debug|x64.ActiveCfg = Debug|x64
		{16A34997-9908-4CC2-BE4C-3AAC7FD88E65}.Debug|x64.Build.0 = Debug|x64
		{16A34997-9908-4CC2-BE4C-3AAC7FD88E65}.Debug|x86.ActiveCfg = Debug|Win32
		{16A34997-9908-4CC2-BE4C-3AAC7FD88E65}.Debug|x86.Build.0 = Debug|Win32
		{16A34997-9908-4CC2-BE4C-3AAC7FD88E65}.Release|Any CPU.ActiveCfg = Release|Win32
		{16A34997-9908-4CC2-BE4C-3AAC7FD88E65}.Release|x64.ActiveCfg = Release|x64
		{16A34997-9908-4CC2-BE4C-3AAC7FD88E65}.Release|x64.Build.0 = Release|x64
		{16A34997-9908-4CC2-BE4C-3AAC7FD88E65}.Release|x86.ActiveCfg = Release|Win32
		{16A34997-9908-4CC2-BE4C-3AAC7FD88E65}.Release|x86.Build.0 = Release|Win32
	EndGlobalSection
	GlobalSection(SolutionProperties) = preSolution
		HideSolutionNode = FALSE
	EndGlobalSection
	GlobalSection(NestedProjects) = preSolution
		{3B1C05F6-1DA0-4CED-B19B-72E565B5A69A} = {9B1B9756-4053-41A6-9EAE-5710891FA5E7}
		{B0CE0FD7-3E6C-4057-AB3A-F4940C1615EB} = {9B1B9756-4053-41A6-9EAE-5710891FA5E7}
		{F33E1884-AEDB-4E88-B8B9-FBB32D7C94E7} = {9B1B9756-4053-41A6-9EAE-5710891FA5E7}
		{06EFC010-9358-4568-9EC5-CAFEA54AADB8} = {66DEABE3-2AFF-453B-9118-58040699181F}
		{4D1C5334-7BB7-449A-A419-ED50A28E3666} = {66DEABE3-2AFF-453B-9118-58040699181F}
		{32E4D75B-6D5F-4D1B-8A59-11BF227E51D4} = {66DEABE3-2AFF-453B-9118-58040699181F}
		{D0576616-608F-4070-9B05-410B090E8F60} = {BEC0533F-152B-423F-B154-6FFCB8796377}
	EndGlobalSection
	GlobalSection(ExtensibilityGlobals) = postSolution
		SolutionGuid = {FBE769DC-DF63-437E-8FDB-815C33B5C4DD}
	EndGlobalSection
EndGlobal
